
Microsoft Visual Studio Solution File, Format Version 12.00
# Visual Studio 14
VisualStudioVersion = 14.0.25420.1
MinimumVisualStudioVersion = 10.0.40219.1
Project("{FAE04EC0-301F-11D3-BF4B-00C04F79EFBC}") = "ContactFormAppWithDB", "ContactFormAppWithDB\ContactFormAppWithDB.csproj", "{F686B111-A1DD-47B7-ADCE-D833BC23FAAC}"
EndProject
Project("{FAE04EC0-301F-11D3-BF4B-00C04F79EFBC}") = "ContactCore", "..\ContactFormApp\ContactCore\ContactCore.csproj", "{39AE6683-F019-43D6-B8BA-E22A43C27CE2}"
EndProject
Global
	GlobalSection(SolutionConfigurationPlatforms) = preSolution
		Debug|Any CPU = Debug|Any CPU
		Release|Any CPU = Release|Any CPU
	EndGlobalSection
	GlobalSection(ProjectConfigurationPlatforms) = postSolution
		{F686B111-A1DD-47B7-ADCE-D833BC23FAAC}.Debug|Any CPU.ActiveCfg = Debug|Any CPU
		{F686B111-A1DD-47B7-ADCE-D833BC23FAAC}.Debug|Any CPU.Build.0 = Debug|Any CPU
		{F686B111-A1DD-47B7-ADCE-D833BC23FAAC}.Release|Any CPU.ActiveCfg = Release|Any CPU
		{F686B111-A1DD-47B7-ADCE-D833BC23FAAC}.Release|Any CPU.Build.0 = Release|Any CPU
		{39AE6683-F019-43D6-B8BA-E22A43C27CE2}.Debug|Any CPU.ActiveCfg = Debug|Any CPU
		{39AE6683-F019-43D6-B8BA-E22A43C27CE2}.Debug|Any CPU.Build.0 = Debug|Any CPU
		{39AE6683-F019-43D6-B8BA-E22A43C27CE2}.Release|Any CPU.ActiveCfg = Release|Any CPU
		{39AE6683-F019-43D6-B8BA-E22A43C27CE2}.Release|Any CPU.Build.0 = Release|Any CPU
	EndGlobalSection
	GlobalSection(SolutionProperties) = preSolution
		HideSolutionNode = FALSE
	EndGlobalSection
EndGlobal
