
Microsoft Visual Studio Solution File, Format Version 12.00
# Visual Studio 14
VisualStudioVersion = 14.0.25420.1
MinimumVisualStudioVersion = 10.0.40219.1
Project("{FAE04EC0-301F-11D3-BF4B-00C04F79EFBC}") = "CalculatorLib", "CalculatorLib\CalculatorLib.csproj", "{7A0ABEFB-08EC-4865-B623-3A95A6E09E13}"
EndProject
Project("{FAE04EC0-301F-11D3-BF4B-00C04F79EFBC}") = "CalculatorConsoleApp", "CalculatorConsoleApp\CalculatorConsoleApp.csproj", "{AD3263C4-271D-458B-A574-9FC348C00D80}"
EndProject
Project("{FAE04EC0-301F-11D3-BF4B-00C04F79EFBC}") = "CalculatorLib.Tests", "CalculatorLib.Tests\CalculatorLib.Tests.csproj", "{36843906-FCDC-47EA-9326-456EEC15C39D}"
EndProject
Global
	GlobalSection(SolutionConfigurationPlatforms) = preSolution
		Debug|Any CPU = Debug|Any CPU
		Release|Any CPU = Release|Any CPU
	EndGlobalSection
	GlobalSection(ProjectConfigurationPlatforms) = postSolution
		{7A0ABEFB-08EC-4865-B623-3A95A6E09E13}.Debug|Any CPU.ActiveCfg = Debug|Any CPU
		{7A0ABEFB-08EC-4865-B623-3A95A6E09E13}.Debug|Any CPU.Build.0 = Debug|Any CPU
		{7A0ABEFB-08EC-4865-B623-3A95A6E09E13}.Release|Any CPU.ActiveCfg = Release|Any CPU
		{7A0ABEFB-08EC-4865-B623-3A95A6E09E13}.Release|Any CPU.Build.0 = Release|Any CPU
		{AD3263C4-271D-458B-A574-9FC348C00D80}.Debug|Any CPU.ActiveCfg = Debug|Any CPU
		{AD3263C4-271D-458B-A574-9FC348C00D80}.Debug|Any CPU.Build.0 = Debug|Any CPU
		{AD3263C4-271D-458B-A574-9FC348C00D80}.Release|Any CPU.ActiveCfg = Release|Any CPU
		{AD3263C4-271D-458B-A574-9FC348C00D80}.Release|Any CPU.Build.0 = Release|Any CPU
		{36843906-FCDC-47EA-9326-456EEC15C39D}.Debug|Any CPU.ActiveCfg = Debug|Any CPU
		{36843906-FCDC-47EA-9326-456EEC15C39D}.Debug|Any CPU.Build.0 = Debug|Any CPU
		{36843906-FCDC-47EA-9326-456EEC15C39D}.Release|Any CPU.ActiveCfg = Release|Any CPU
		{36843906-FCDC-47EA-9326-456EEC15C39D}.Release|Any CPU.Build.0 = Release|Any CPU
	EndGlobalSection
	GlobalSection(SolutionProperties) = preSolution
		HideSolutionNode = FALSE
	EndGlobalSection
EndGlobal
